
Microsoft Visual Studio Solution File, Format Version 10.00
# Visual Studio 2008
Project("{8BC9CEB8-8B4A-11D0-8D11-00A0C91BC942}") = "HoloProg", "HoloProg.vcproj", "{6BBBD4D2-E453-415D-A6DB-D1B65CA20109}"
EndProject
Project("{FAE04EC0-301F-11D3-BF4B-00C04F79EFBC}") = "ControlBoxWinSoft", "ControlBoxWinSoft\ControlBoxWinSoft\ControlBoxWinSoft.csproj", "{9F740F11-523F-4676-95F6-ADDFFB2D1385}"
EndProject
Global
	GlobalSection(SolutionConfigurationPlatforms) = preSolution
		Debug|Any CPU = Debug|Any CPU
		Debug|Mixed Platforms = Debug|Mixed Platforms
		Debug|Win32 = Debug|Win32
		Debug|x86 = Debug|x86
		Release|Any CPU = Release|Any CPU
		Release|Mixed Platforms = Release|Mixed Platforms
		Release|Win32 = Release|Win32
		Release|x86 = Release|x86
	EndGlobalSection
	GlobalSection(ProjectConfigurationPlatforms) = postSolution
		{6BBBD4D2-E453-415D-A6DB-D1B65CA20109}.Debug|Any CPU.ActiveCfg = Debug|Win32
		{6BBBD4D2-E453-415D-A6DB-D1B65CA20109}.Debug|Mixed Platforms.ActiveCfg = Debug|Win32
		{6BBBD4D2-E453-415D-A6DB-D1B65CA20109}.Debug|Mixed Platforms.Build.0 = Debug|Win32
		{6BBBD4D2-E453-415D-A6DB-D1B65CA20109}.Debug|Win32.ActiveCfg = Debug|Win32
		{6BBBD4D2-E453-415D-A6DB-D1B65CA20109}.Debug|Win32.Build.0 = Debug|Win32
		{6BBBD4D2-E453-415D-A6DB-D1B65CA20109}.Debug|x86.ActiveCfg = Debug|Win32
		{6BBBD4D2-E453-415D-A6DB-D1B65CA20109}.Release|Any CPU.ActiveCfg = Release|Win32
		{6BBBD4D2-E453-415D-A6DB-D1B65CA20109}.Release|Mixed Platforms.ActiveCfg = Release|Win32
		{6BBBD4D2-E453-415D-A6DB-D1B65CA20109}.Release|Mixed Platforms.Build.0 = Release|Win32
		{6BBBD4D2-E453-415D-A6DB-D1B65CA20109}.Release|Win32.ActiveCfg = Release|Win32
		{6BBBD4D2-E453-415D-A6DB-D1B65CA20109}.Release|Win32.Build.0 = Release|Win32
		{6BBBD4D2-E453-415D-A6DB-D1B65CA20109}.Release|x86.ActiveCfg = Release|Win32
		{9F740F11-523F-4676-95F6-ADDFFB2D1385}.Debug|Any CPU.ActiveCfg = Debug|Any CPU
		{9F740F11-523F-4676-95F6-ADDFFB2D1385}.Debug|Any CPU.Build.0 = Debug|Any CPU
		{9F740F11-523F-4676-95F6-ADDFFB2D1385}.Debug|Mixed Platforms.ActiveCfg = Debug|Any CPU
		{9F740F11-523F-4676-95F6-ADDFFB2D1385}.Debug|Mixed Platforms.Build.0 = Debug|Any CPU
		{9F740F11-523F-4676-95F6-ADDFFB2D1385}.Debug|Win32.ActiveCfg = Debug|Any CPU
		{9F740F11-523F-4676-95F6-ADDFFB2D1385}.Debug|x86.ActiveCfg = Debug|Any CPU
		{9F740F11-523F-4676-95F6-ADDFFB2D1385}.Release|Any CPU.ActiveCfg = Release|Any CPU
		{9F740F11-523F-4676-95F6-ADDFFB2D1385}.Release|Any CPU.Build.0 = Release|Any CPU
		{9F740F11-523F-4676-95F6-ADDFFB2D1385}.Release|Mixed Platforms.ActiveCfg = Release|Any CPU
		{9F740F11-523F-4676-95F6-ADDFFB2D1385}.Release|Mixed Platforms.Build.0 = Release|Any CPU
		{9F740F11-523F-4676-95F6-ADDFFB2D1385}.Release|Win32.ActiveCfg = Release|Any CPU
		{9F740F11-523F-4676-95F6-ADDFFB2D1385}.Release|x86.ActiveCfg = Release|Any CPU
	EndGlobalSection
	GlobalSection(SolutionProperties) = preSolution
		HideSolutionNode = FALSE
	EndGlobalSection
EndGlobal
